{
    "_meta": {
        "hash": {
            "sha256": "21be1967bdbd1d0fb4f21dee1f3de6b64db42048b825e0f39642b4c947c15d7d"
        },
        "pipfile-spec": 6,
        "requires": {
            "python_full_version": "3.11.0",
            "python_version": "3.11"
        },
        "sources": [
            {
                "name": "pypi",
                "url": "https://pypi.org/simple",
                "verify_ssl": true
            }
        ]
    },
    "default": {
        "asyncio-dgram": {
            "hashes": [
                "sha256:9ef55fc760f93c8212709329a1e28a1cf1c1f0fc8222f1be0227c2b7606a10a2",
                "sha256:bc28a90bc0523009fb0da16ca983c1400ff403a315754d86e037910563697f91"
            ],
            "index": "pypi",
            "version": "==2.1.2"
        },
        "pyartnet": {
            "hashes": [
                "sha256:3a1c55edbfe093ccb0adb0ea8c7b251a738b6fc8d23ead72f7529848de25a544",
                "sha256:c42bee2487497627a93b6a5ac816cde1299ad25724beb8a8fc5f1bf319640670"
            ],
            "index": "pypi",
            "version": "==0.8.4"
        },
        "stupidartnet": {
            "hashes": [
                "sha256:10ccf04b0f555f5bc33f884348038741dbc04f942e46d21d73cd77167115edbf",
                "sha256:6d50cee38cff268035a7326448951b5230f9814f07c28d4489bbfe87eb91d1c6"
            ],
            "index": "pypi",
            "version": "==1.3.0"
        }
    },
    "develop": {}
}
